
Microsoft Visual Studio Solution File, Format Version 12.00
# Visual Studio Version 16
VisualStudioVersion = 16.0.31624.102
MinimumVisualStudioVersion = 10.0.40219.1
Project("{FAE04EC0-301F-11D3-BF4B-00C04F79EFBC}") = "Viidesharjoitus", "Viidesharjoitus\Viidesharjoitus.csproj", "{0677CF59-B0A6-4EF2-AB46-E721F9D4C57D}"
EndProject
Global
	GlobalSection(SolutionConfigurationPlatforms) = preSolution
		Debug|Any CPU = Debug|Any CPU
		Release|Any CPU = Release|Any CPU
	EndGlobalSection
	GlobalSection(ProjectConfigurationPlatforms) = postSolution
		{0677CF59-B0A6-4EF2-AB46-E721F9D4C57D}.Debug|Any CPU.ActiveCfg = Debug|Any CPU
		{0677CF59-B0A6-4EF2-AB46-E721F9D4C57D}.Debug|Any CPU.Build.0 = Debug|Any CPU
		{0677CF59-B0A6-4EF2-AB46-E721F9D4C57D}.Release|Any CPU.ActiveCfg = Release|Any CPU
		{0677CF59-B0A6-4EF2-AB46-E721F9D4C57D}.Release|Any CPU.Build.0 = Release|Any CPU
	EndGlobalSection
	GlobalSection(SolutionProperties) = preSolution
		HideSolutionNode = FALSE
	EndGlobalSection
	GlobalSection(ExtensibilityGlobals) = postSolution
		SolutionGuid = {A0D5E60D-0B74-4BF4-8294-3B6B8EC6AFA2}
	EndGlobalSection
EndGlobal
