
Microsoft Visual Studio Solution File, Format Version 12.00
# Visual Studio Version 16
VisualStudioVersion = 16.0.31624.102
MinimumVisualStudioVersion = 10.0.40219.1
Project("{FAE04EC0-301F-11D3-BF4B-00C04F79EFBC}") = "tehtävä9", "tehtävä9\tehtävä9.csproj", "{41E064BF-028B-4702-B6FC-98240E07EE6C}"
EndProject
Global
	GlobalSection(SolutionConfigurationPlatforms) = preSolution
		Debug|Any CPU = Debug|Any CPU
		Release|Any CPU = Release|Any CPU
	EndGlobalSection
	GlobalSection(ProjectConfigurationPlatforms) = postSolution
		{41E064BF-028B-4702-B6FC-98240E07EE6C}.Debug|Any CPU.ActiveCfg = Debug|Any CPU
		{41E064BF-028B-4702-B6FC-98240E07EE6C}.Debug|Any CPU.Build.0 = Debug|Any CPU
		{41E064BF-028B-4702-B6FC-98240E07EE6C}.Release|Any CPU.ActiveCfg = Release|Any CPU
		{41E064BF-028B-4702-B6FC-98240E07EE6C}.Release|Any CPU.Build.0 = Release|Any CPU
	EndGlobalSection
	GlobalSection(SolutionProperties) = preSolution
		HideSolutionNode = FALSE
	EndGlobalSection
	GlobalSection(ExtensibilityGlobals) = postSolution
		SolutionGuid = {0CE9FE15-E196-446F-9655-F8DA1016CD33}
	EndGlobalSection
EndGlobal
