
Microsoft Visual Studio Solution File, Format Version 12.00
# Visual Studio Version 16
VisualStudioVersion = 16.0.31624.102
MinimumVisualStudioVersion = 10.0.40219.1
Project("{FAE04EC0-301F-11D3-BF4B-00C04F79EFBC}") = "Harjoitus 11", "Harjoitus 11\Harjoitus 11.csproj", "{4D1E9D08-6EE0-4B16-A5C7-78DFF426F568}"
EndProject
Global
	GlobalSection(SolutionConfigurationPlatforms) = preSolution
		Debug|Any CPU = Debug|Any CPU
		Release|Any CPU = Release|Any CPU
	EndGlobalSection
	GlobalSection(ProjectConfigurationPlatforms) = postSolution
		{4D1E9D08-6EE0-4B16-A5C7-78DFF426F568}.Debug|Any CPU.ActiveCfg = Debug|Any CPU
		{4D1E9D08-6EE0-4B16-A5C7-78DFF426F568}.Debug|Any CPU.Build.0 = Debug|Any CPU
		{4D1E9D08-6EE0-4B16-A5C7-78DFF426F568}.Release|Any CPU.ActiveCfg = Release|Any CPU
		{4D1E9D08-6EE0-4B16-A5C7-78DFF426F568}.Release|Any CPU.Build.0 = Release|Any CPU
	EndGlobalSection
	GlobalSection(SolutionProperties) = preSolution
		HideSolutionNode = FALSE
	EndGlobalSection
	GlobalSection(ExtensibilityGlobals) = postSolution
		SolutionGuid = {F9D2FBDF-2A93-4D90-95BC-91121C340F29}
	EndGlobalSection
EndGlobal
